
Microsoft Visual Studio Solution File, Format Version 12.00
# Visual Studio Version 17
VisualStudioVersion = 17.9.34902.65
MinimumVisualStudioVersion = 10.0.40219.1
Project("{FAE04EC0-301F-11D3-BF4B-00C04F79EFBC}") = "JuiceStock", "JuiceStock\JuiceStock.csproj", "{694FA957-27AE-49D3-A0EE-A98293BB7042}"
EndProject
Global
	GlobalSection(SolutionConfigurationPlatforms) = preSolution
		Debug|Any CPU = Debug|Any CPU
		Release|Any CPU = Release|Any CPU
	EndGlobalSection
	GlobalSection(ProjectConfigurationPlatforms) = postSolution
		{694FA957-27AE-49D3-A0EE-A98293BB7042}.Debug|Any CPU.ActiveCfg = Debug|Any CPU
		{694FA957-27AE-49D3-A0EE-A98293BB7042}.Debug|Any CPU.Build.0 = Debug|Any CPU
		{694FA957-27AE-49D3-A0EE-A98293BB7042}.Release|Any CPU.ActiveCfg = Release|Any CPU
		{694FA957-27AE-49D3-A0EE-A98293BB7042}.Release|Any CPU.Build.0 = Release|Any CPU
	EndGlobalSection
	GlobalSection(SolutionProperties) = preSolution
		HideSolutionNode = FALSE
	EndGlobalSection
	GlobalSection(ExtensibilityGlobals) = postSolution
		SolutionGuid = {FEA53521-DAAD-4CA3-B2C6-F888CB055C04}
	EndGlobalSection
EndGlobal
